
Microsoft Visual Studio Solution File, Format Version 12.00
# Visual Studio Version 17
VisualStudioVersion = 17.0.32126.317
MinimumVisualStudioVersion = 10.0.40219.1
Project("{9A19103F-16F7-4668-BE54-9A1E7A4F7556}") = "TaskAsyncBenchmark.Api", "TaskAsyncBenchmark.Api\TaskAsyncBenchmark.Api.csproj", "{17077362-4F1B-4D1B-BE56-0A14E28BEE89}"
EndProject
Project("{FAE04EC0-301F-11D3-BF4B-00C04F79EFBC}") = "TaskAsyncBenchmark.ConsoleApp", "TaskAsyncBenchmark.ConsoleApp\TaskAsyncBenchmark.ConsoleApp.csproj", "{84031FBF-4C16-4857-93C8-AA27A478F32B}"
EndProject
Global
	GlobalSection(SolutionConfigurationPlatforms) = preSolution
		Debug|Any CPU = Debug|Any CPU
		Release|Any CPU = Release|Any CPU
	EndGlobalSection
	GlobalSection(ProjectConfigurationPlatforms) = postSolution
		{17077362-4F1B-4D1B-BE56-0A14E28BEE89}.Debug|Any CPU.ActiveCfg = Debug|Any CPU
		{17077362-4F1B-4D1B-BE56-0A14E28BEE89}.Debug|Any CPU.Build.0 = Debug|Any CPU
		{17077362-4F1B-4D1B-BE56-0A14E28BEE89}.Release|Any CPU.ActiveCfg = Release|Any CPU
		{17077362-4F1B-4D1B-BE56-0A14E28BEE89}.Release|Any CPU.Build.0 = Release|Any CPU
		{84031FBF-4C16-4857-93C8-AA27A478F32B}.Debug|Any CPU.ActiveCfg = Debug|Any CPU
		{84031FBF-4C16-4857-93C8-AA27A478F32B}.Debug|Any CPU.Build.0 = Debug|Any CPU
		{84031FBF-4C16-4857-93C8-AA27A478F32B}.Release|Any CPU.ActiveCfg = Release|Any CPU
		{84031FBF-4C16-4857-93C8-AA27A478F32B}.Release|Any CPU.Build.0 = Release|Any CPU
	EndGlobalSection
	GlobalSection(SolutionProperties) = preSolution
		HideSolutionNode = FALSE
	EndGlobalSection
	GlobalSection(ExtensibilityGlobals) = postSolution
		SolutionGuid = {BD15EAD1-726C-4DCB-9AB6-43B42D670448}
	EndGlobalSection
EndGlobal
